
Microsoft Visual Studio Solution File, Format Version 12.00
# Visual Studio Version 16
VisualStudioVersion = 16.0.31729.503
MinimumVisualStudioVersion = 10.0.40219.1
Project("{FAE04EC0-301F-11D3-BF4B-00C04F79EFBC}") = "Milestone3", "Milestone3\Milestone3.csproj", "{2AFC248B-6736-4F85-9346-3004381814D6}"
EndProject
Global
	GlobalSection(SolutionConfigurationPlatforms) = preSolution
		Debug|Any CPU = Debug|Any CPU
		Release|Any CPU = Release|Any CPU
	EndGlobalSection
	GlobalSection(ProjectConfigurationPlatforms) = postSolution
		{2AFC248B-6736-4F85-9346-3004381814D6}.Debug|Any CPU.ActiveCfg = Debug|Any CPU
		{2AFC248B-6736-4F85-9346-3004381814D6}.Debug|Any CPU.Build.0 = Debug|Any CPU
		{2AFC248B-6736-4F85-9346-3004381814D6}.Release|Any CPU.ActiveCfg = Release|Any CPU
		{2AFC248B-6736-4F85-9346-3004381814D6}.Release|Any CPU.Build.0 = Release|Any CPU
	EndGlobalSection
	GlobalSection(SolutionProperties) = preSolution
		HideSolutionNode = FALSE
	EndGlobalSection
	GlobalSection(ExtensibilityGlobals) = postSolution
		SolutionGuid = {0610EF66-0AAC-45F6-A462-F80C79327093}
	EndGlobalSection
EndGlobal
